
Microsoft Visual Studio Solution File, Format Version 12.00
# Visual Studio 15
VisualStudioVersion = 15.0.28307.539
MinimumVisualStudioVersion = 10.0.40219.1
Project("{FAE04EC0-301F-11D3-BF4B-00C04F79EFBC}") = "OOP_Lab_14", "OOP_Lab_14\OOP_Lab_14.csproj", "{27F2B9D6-0CB4-4D2C-BBDD-DFA9E3D215F3}"
EndProject
Global
	GlobalSection(SolutionConfigurationPlatforms) = preSolution
		Debug|Any CPU = Debug|Any CPU
		Release|Any CPU = Release|Any CPU
	EndGlobalSection
	GlobalSection(ProjectConfigurationPlatforms) = postSolution
		{27F2B9D6-0CB4-4D2C-BBDD-DFA9E3D215F3}.Debug|Any CPU.ActiveCfg = Debug|Any CPU
		{27F2B9D6-0CB4-4D2C-BBDD-DFA9E3D215F3}.Debug|Any CPU.Build.0 = Debug|Any CPU
		{27F2B9D6-0CB4-4D2C-BBDD-DFA9E3D215F3}.Release|Any CPU.ActiveCfg = Release|Any CPU
		{27F2B9D6-0CB4-4D2C-BBDD-DFA9E3D215F3}.Release|Any CPU.Build.0 = Release|Any CPU
	EndGlobalSection
	GlobalSection(SolutionProperties) = preSolution
		HideSolutionNode = FALSE
	EndGlobalSection
	GlobalSection(ExtensibilityGlobals) = postSolution
		SolutionGuid = {02642F0A-B0BD-4BC0-B310-BB7AC41A857C}
	EndGlobalSection
EndGlobal
