
Microsoft Visual Studio Solution File, Format Version 12.00
# Visual Studio 15
VisualStudioVersion = 15.0.28307.539
MinimumVisualStudioVersion = 10.0.40219.1
Project("{FAE04EC0-301F-11D3-BF4B-00C04F79EFBC}") = "OOP_Lab_15", "OOP_Lab_15\OOP_Lab_15.csproj", "{ECC5FA6F-6446-4D79-8BD1-7246971DB1DD}"
EndProject
Global
	GlobalSection(SolutionConfigurationPlatforms) = preSolution
		Debug|Any CPU = Debug|Any CPU
		Release|Any CPU = Release|Any CPU
	EndGlobalSection
	GlobalSection(ProjectConfigurationPlatforms) = postSolution
		{ECC5FA6F-6446-4D79-8BD1-7246971DB1DD}.Debug|Any CPU.ActiveCfg = Debug|Any CPU
		{ECC5FA6F-6446-4D79-8BD1-7246971DB1DD}.Debug|Any CPU.Build.0 = Debug|Any CPU
		{ECC5FA6F-6446-4D79-8BD1-7246971DB1DD}.Release|Any CPU.ActiveCfg = Release|Any CPU
		{ECC5FA6F-6446-4D79-8BD1-7246971DB1DD}.Release|Any CPU.Build.0 = Release|Any CPU
	EndGlobalSection
	GlobalSection(SolutionProperties) = preSolution
		HideSolutionNode = FALSE
	EndGlobalSection
	GlobalSection(ExtensibilityGlobals) = postSolution
		SolutionGuid = {94339E97-C3DC-4C86-94EF-8D13B0BA52E2}
	EndGlobalSection
EndGlobal
